# This file was autogenerated by uv via the following command:
#    uv pip compile requirements-dev.in -o requirements-dev.lock
annotated-doc==0.0.5
    # via
    #   -r requirements.lock
    #   fastapi
annotated-types==0.8.0
    # via
    #   -r requirements.lock
    #   pydantic
anyio==4.15.1
    # via
    #   -r requirements.lock
    #   httpx
    #   starlette
certifi==2026.7.22
    # via
    #   httpcore
    #   httpx
click==8.5.0
    # via
    #   -r requirements.lock
    #   uvicorn
fastapi==0.141.1
    # via -r requirements.lock
greenlet==3.5.6
    # via
    #   -r requirements.lock
    #   sqlalchemy
h11==0.16.0
    # via
    #   -r requirements.lock
    #   httpcore
    #   uvicorn
httpcore==1.0.9
    # via httpx
httpx==0.28.1
    # via -r requirements-dev.in
idna==3.20
    # via
    #   -r requirements.lock
    #   anyio
    #   httpx
psycopg==3.3.5
    # via -r requirements.lock
psycopg-binary==3.3.5
    # via -r requirements.lock
pydantic==2.13.5
    # via
    #   -r requirements.lock
    #   fastapi
pydantic-core==2.46.5
    # via
    #   -r requirements.lock
    #   pydantic
sqlalchemy==2.0.54
    # via -r requirements.lock
starlette==1.6.0
    # via
    #   -r requirements.lock
    #   fastapi
typing-extensions==4.16.0
    # via
    #   -r requirements.lock
    #   anyio
    #   fastapi
    #   psycopg
    #   pydantic
    #   pydantic-core
    #   sqlalchemy
    #   starlette
    #   typing-inspection
typing-inspection==0.4.4
    # via
    #   -r requirements.lock
    #   fastapi
    #   pydantic
uvicorn==0.53.0
    # via -r requirements.lock
